
Microsoft Visual Studio Solution File, Format Version 12.00
# Visual Studio Version 17
VisualStudioVersion = 17.5.33530.505
MinimumVisualStudioVersion = 10.0.40219.1
Project("{FAE04EC0-301F-11D3-BF4B-00C04F79EFBC}") = "app4", "app4.csproj", "{38B42F4B-8A6C-4D27-9BF6-411F6DB3B1F2}"
EndProject
Global
	GlobalSection(SolutionConfigurationPlatforms) = preSolution
		Debug|Any CPU = Debug|Any CPU
		Release|Any CPU = Release|Any CPU
	EndGlobalSection
	GlobalSection(ProjectConfigurationPlatforms) = postSolution
		{38B42F4B-8A6C-4D27-9BF6-411F6DB3B1F2}.Debug|Any CPU.ActiveCfg = Debug|Any CPU
		{38B42F4B-8A6C-4D27-9BF6-411F6DB3B1F2}.Debug|Any CPU.Build.0 = Debug|Any CPU
		{38B42F4B-8A6C-4D27-9BF6-411F6DB3B1F2}.Release|Any CPU.ActiveCfg = Release|Any CPU
		{38B42F4B-8A6C-4D27-9BF6-411F6DB3B1F2}.Release|Any CPU.Build.0 = Release|Any CPU
	EndGlobalSection
	GlobalSection(SolutionProperties) = preSolution
		HideSolutionNode = FALSE
	EndGlobalSection
	GlobalSection(ExtensibilityGlobals) = postSolution
		SolutionGuid = {3E7FBD4D-3AE4-4965-8539-BFFDAF2A3F5D}
	EndGlobalSection
EndGlobal
