
Microsoft Visual Studio Solution File, Format Version 12.00
# Visual Studio Version 17
VisualStudioVersion = 17.5.33530.505
MinimumVisualStudioVersion = 10.0.40219.1
Project("{FAE04EC0-301F-11D3-BF4B-00C04F79EFBC}") = "tarefa2-prog2", "tarefa2-prog2.csproj", "{018BB0CF-83BD-4CF3-ABA2-CDB50ED44C9B}"
EndProject
Global
	GlobalSection(SolutionConfigurationPlatforms) = preSolution
		Debug|Any CPU = Debug|Any CPU
		Release|Any CPU = Release|Any CPU
	EndGlobalSection
	GlobalSection(ProjectConfigurationPlatforms) = postSolution
		{018BB0CF-83BD-4CF3-ABA2-CDB50ED44C9B}.Debug|Any CPU.ActiveCfg = Debug|Any CPU
		{018BB0CF-83BD-4CF3-ABA2-CDB50ED44C9B}.Debug|Any CPU.Build.0 = Debug|Any CPU
		{018BB0CF-83BD-4CF3-ABA2-CDB50ED44C9B}.Release|Any CPU.ActiveCfg = Release|Any CPU
		{018BB0CF-83BD-4CF3-ABA2-CDB50ED44C9B}.Release|Any CPU.Build.0 = Release|Any CPU
	EndGlobalSection
	GlobalSection(SolutionProperties) = preSolution
		HideSolutionNode = FALSE
	EndGlobalSection
	GlobalSection(ExtensibilityGlobals) = postSolution
		SolutionGuid = {28C82F70-562A-4353-8EE1-1368EB4DE371}
	EndGlobalSection
EndGlobal
