
Microsoft Visual Studio Solution File, Format Version 12.00
# Visual Studio Version 17
VisualStudioVersion = 17.5.33530.505
MinimumVisualStudioVersion = 10.0.40219.1
Project("{FAE04EC0-301F-11D3-BF4B-00C04F79EFBC}") = "app5", "app5.csproj", "{F2E28B47-2A2B-4325-9DF6-DFC19BA4ADA0}"
EndProject
Global
	GlobalSection(SolutionConfigurationPlatforms) = preSolution
		Debug|Any CPU = Debug|Any CPU
		Release|Any CPU = Release|Any CPU
	EndGlobalSection
	GlobalSection(ProjectConfigurationPlatforms) = postSolution
		{F2E28B47-2A2B-4325-9DF6-DFC19BA4ADA0}.Debug|Any CPU.ActiveCfg = Debug|Any CPU
		{F2E28B47-2A2B-4325-9DF6-DFC19BA4ADA0}.Debug|Any CPU.Build.0 = Debug|Any CPU
		{F2E28B47-2A2B-4325-9DF6-DFC19BA4ADA0}.Release|Any CPU.ActiveCfg = Release|Any CPU
		{F2E28B47-2A2B-4325-9DF6-DFC19BA4ADA0}.Release|Any CPU.Build.0 = Release|Any CPU
	EndGlobalSection
	GlobalSection(SolutionProperties) = preSolution
		HideSolutionNode = FALSE
	EndGlobalSection
	GlobalSection(ExtensibilityGlobals) = postSolution
		SolutionGuid = {20C46954-B305-4446-99E2-2A43D26C928F}
	EndGlobalSection
EndGlobal
